# This file is autogenerated, do not edit; changes may be undone by the next 'dep ensure'.


[[projects]]
  name = "github.com/c-bata/go-prompt"
  packages = ["."]
  revision = "c292a2f4b4fe8563883871456e19028ff9df0f26"
  version = "v0.1.1"

[[projects]]
  name = "github.com/coreos/go-systemd"
  packages = ["dbus"]
  revision = "d2196463941895ee908e13531a23a39feb9e1243"
  version = "v15"

[[projects]]
  name = "github.com/godbus/dbus"
  packages = ["."]
  revision = "5f6efc7ef2759c81b7ba876593971bfce311eab3"
  version = "v4.0.0"

[[projects]]
  branch = "master"
  name = "github.com/pkg/term"
  packages = ["termios"]
  revision = "b1f72af2d63057363398bec5873d16a98b453312"

[[projects]]
  branch = "master"
  name = "golang.org/x/sys"
  packages = ["unix"]
  revision = "b98136db334ff9cb24f28a68e3be3cb6608f7630"

[solve-meta]
  analyzer-name = "dep"
  analyzer-version = 1
  inputs-digest = "5580cfda64210d2118e2578e9d38d9b8dcd1d8d3ff032df4b7854366e994d74c"
  solver-name = "gps-cdcl"
  solver-version = 1
